
Microsoft Visual Studio Solution File, Format Version 12.00
# Visual Studio Version 16
VisualStudioVersion = 16.0.29009.5
MinimumVisualStudioVersion = 10.0.40219.1
Project("{FAE04EC0-301F-11D3-BF4B-00C04F79EFBC}") = "PPE-GSB1", "PPE-GSB1.csproj", "{2372AD94-CCE9-47C9-892E-E69DD9AA04AA}"
EndProject
Global
	GlobalSection(SolutionConfigurationPlatforms) = preSolution
		Debug|Any CPU = Debug|Any CPU
		Release|Any CPU = Release|Any CPU
	EndGlobalSection
	GlobalSection(ProjectConfigurationPlatforms) = postSolution
		{2372AD94-CCE9-47C9-892E-E69DD9AA04AA}.Debug|Any CPU.ActiveCfg = Debug|Any CPU
		{2372AD94-CCE9-47C9-892E-E69DD9AA04AA}.Debug|Any CPU.Build.0 = Debug|Any CPU
		{2372AD94-CCE9-47C9-892E-E69DD9AA04AA}.Release|Any CPU.ActiveCfg = Release|Any CPU
		{2372AD94-CCE9-47C9-892E-E69DD9AA04AA}.Release|Any CPU.Build.0 = Release|Any CPU
	EndGlobalSection
	GlobalSection(SolutionProperties) = preSolution
		HideSolutionNode = FALSE
	EndGlobalSection
	GlobalSection(ExtensibilityGlobals) = postSolution
		SolutionGuid = {2C769E5A-2332-42E1-9132-24115727B041}
	EndGlobalSection
EndGlobal
